
Microsoft Visual Studio Solution File, Format Version 12.00
# Visual Studio Version 16
VisualStudioVersion = 16.0.32510.428
MinimumVisualStudioVersion = 10.0.40219.1
Project("{FAE04EC0-301F-11D3-BF4B-00C04F79EFBC}") = "WebApplication1", "WebApplication1.csproj", "{7CF65166-0FF0-41F3-85B2-E6768E139D7D}"
EndProject
Project("{FAE04EC0-301F-11D3-BF4B-00C04F79EFBC}") = "BLL", "..\BLL\BLL.csproj", "{76CAC354-9EB2-4A42-9109-325EE8C773E5}"
EndProject
Project("{FAE04EC0-301F-11D3-BF4B-00C04F79EFBC}") = "DAL", "..\DAL\DAL.csproj", "{37B487FA-BE0E-446C-BEF9-E1CF1ABCF449}"
EndProject
Global
	GlobalSection(SolutionConfigurationPlatforms) = preSolution
		Debug|Any CPU = Debug|Any CPU
		Release|Any CPU = Release|Any CPU
	EndGlobalSection
	GlobalSection(ProjectConfigurationPlatforms) = postSolution
		{7CF65166-0FF0-41F3-85B2-E6768E139D7D}.Debug|Any CPU.ActiveCfg = Debug|Any CPU
		{7CF65166-0FF0-41F3-85B2-E6768E139D7D}.Debug|Any CPU.Build.0 = Debug|Any CPU
		{7CF65166-0FF0-41F3-85B2-E6768E139D7D}.Release|Any CPU.ActiveCfg = Release|Any CPU
		{7CF65166-0FF0-41F3-85B2-E6768E139D7D}.Release|Any CPU.Build.0 = Release|Any CPU
		{76CAC354-9EB2-4A42-9109-325EE8C773E5}.Debug|Any CPU.ActiveCfg = Debug|Any CPU
		{76CAC354-9EB2-4A42-9109-325EE8C773E5}.Debug|Any CPU.Build.0 = Debug|Any CPU
		{76CAC354-9EB2-4A42-9109-325EE8C773E5}.Release|Any CPU.ActiveCfg = Release|Any CPU
		{76CAC354-9EB2-4A42-9109-325EE8C773E5}.Release|Any CPU.Build.0 = Release|Any CPU
		{37B487FA-BE0E-446C-BEF9-E1CF1ABCF449}.Debug|Any CPU.ActiveCfg = Debug|Any CPU
		{37B487FA-BE0E-446C-BEF9-E1CF1ABCF449}.Debug|Any CPU.Build.0 = Debug|Any CPU
		{37B487FA-BE0E-446C-BEF9-E1CF1ABCF449}.Release|Any CPU.ActiveCfg = Release|Any CPU
		{37B487FA-BE0E-446C-BEF9-E1CF1ABCF449}.Release|Any CPU.Build.0 = Release|Any CPU
	EndGlobalSection
	GlobalSection(SolutionProperties) = preSolution
		HideSolutionNode = FALSE
	EndGlobalSection
	GlobalSection(ExtensibilityGlobals) = postSolution
		SolutionGuid = {6A640958-50CA-41D4-918B-626FA5456BE6}
	EndGlobalSection
EndGlobal
